
Microsoft Visual Studio Solution File, Format Version 12.00
# Visual Studio 14
VisualStudioVersion = 14.0.23107.0
MinimumVisualStudioVersion = 10.0.40219.1
Project("{159641D6-6404-4A2A-AE62-294DE0FE8301}") = "SQLNetbackupFull-v2", "SQLNetBackupV2\SQLNetbackupFull-v2.dtproj", "{A282ED2C-DBCE-4F70-BB34-6D05A5E736B5}"
EndProject
Global
	GlobalSection(SolutionConfigurationPlatforms) = preSolution
		Development|Default = Development|Default
	EndGlobalSection
	GlobalSection(ProjectConfigurationPlatforms) = postSolution
		{A282ED2C-DBCE-4F70-BB34-6D05A5E736B5}.Development|Default.ActiveCfg = Development
		{A282ED2C-DBCE-4F70-BB34-6D05A5E736B5}.Development|Default.Build.0 = Development
	EndGlobalSection
	GlobalSection(SolutionProperties) = preSolution
		HideSolutionNode = FALSE
	EndGlobalSection
EndGlobal
